
Microsoft Visual Studio Solution File, Format Version 12.00
# Visual Studio Express 2012 for Windows Desktop
Project("{FAE04EC0-301F-11D3-BF4B-00C04F79EFBC}") = "NationStates AutoTelegram", "NationStates AutoTelegram.csproj", "{873AFB28-D4AB-415E-AC06-A9AA9B53CB82}"
EndProject
Global
	GlobalSection(SolutionConfigurationPlatforms) = preSolution
		Debug|x86 = Debug|x86
		Release|x86 = Release|x86
	EndGlobalSection
	GlobalSection(ProjectConfigurationPlatforms) = postSolution
		{873AFB28-D4AB-415E-AC06-A9AA9B53CB82}.Debug|x86.ActiveCfg = Debug|x86
		{873AFB28-D4AB-415E-AC06-A9AA9B53CB82}.Debug|x86.Build.0 = Debug|x86
		{873AFB28-D4AB-415E-AC06-A9AA9B53CB82}.Release|x86.ActiveCfg = Release|x86
		{873AFB28-D4AB-415E-AC06-A9AA9B53CB82}.Release|x86.Build.0 = Release|x86
	EndGlobalSection
	GlobalSection(SolutionProperties) = preSolution
		HideSolutionNode = FALSE
	EndGlobalSection
EndGlobal
